
Microsoft Visual Studio Solution File, Format Version 12.00
# Visual Studio 2013
VisualStudioVersion = 12.0.21005.1
MinimumVisualStudioVersion = 10.0.40219.1
Project("{FAE04EC0-301F-11D3-BF4B-00C04F79EFBC}") = "WebTemplate", "Web\WebTemplate.csproj", "{63E4F569-9CAE-4837-9B62-D92D2C44F081}"
EndProject
Project("{FAE04EC0-301F-11D3-BF4B-00C04F79EFBC}") = "IST", "..\IST3.5.2013\IST\IST.csproj", "{432FAE84-A610-4369-8B98-09EB97C269CA}"
EndProject
Global
	GlobalSection(SolutionConfigurationPlatforms) = preSolution
		Debug|Any CPU = Debug|Any CPU
		Release|Any CPU = Release|Any CPU
	EndGlobalSection
	GlobalSection(ProjectConfigurationPlatforms) = postSolution
		{63E4F569-9CAE-4837-9B62-D92D2C44F081}.Debug|Any CPU.ActiveCfg = Debug|Any CPU
		{63E4F569-9CAE-4837-9B62-D92D2C44F081}.Debug|Any CPU.Build.0 = Debug|Any CPU
		{63E4F569-9CAE-4837-9B62-D92D2C44F081}.Release|Any CPU.ActiveCfg = Release|Any CPU
		{63E4F569-9CAE-4837-9B62-D92D2C44F081}.Release|Any CPU.Build.0 = Release|Any CPU
		{432FAE84-A610-4369-8B98-09EB97C269CA}.Debug|Any CPU.ActiveCfg = Debug|Any CPU
		{432FAE84-A610-4369-8B98-09EB97C269CA}.Debug|Any CPU.Build.0 = Debug|Any CPU
		{432FAE84-A610-4369-8B98-09EB97C269CA}.Release|Any CPU.ActiveCfg = Release|Any CPU
		{432FAE84-A610-4369-8B98-09EB97C269CA}.Release|Any CPU.Build.0 = Release|Any CPU
	EndGlobalSection
	GlobalSection(SolutionProperties) = preSolution
		HideSolutionNode = FALSE
	EndGlobalSection
EndGlobal
